
Microsoft Visual Studio Solution File, Format Version 12.00
# Visual Studio Version 17
VisualStudioVersion = 17.6.33723.286
MinimumVisualStudioVersion = 10.0.40219.1
Project("{FAE04EC0-301F-11D3-BF4B-00C04F79EFBC}") = "RabbitMQSender", "RabbitMQSender\RabbitMQSender.csproj", "{6FDC8654-9EFF-4897-9865-050A8CA080D4}"
EndProject
Project("{FAE04EC0-301F-11D3-BF4B-00C04F79EFBC}") = "RabbitMQReceiver1", "RabbitMQReceiver1\RabbitMQReceiver1.csproj", "{506168A8-2B1D-4BF5-842A-B92AD16EA9BF}"
EndProject
Project("{FAE04EC0-301F-11D3-BF4B-00C04F79EFBC}") = "RabbitMQReceiver2", "RabbitMQReceiver2\RabbitMQReceiver2.csproj", "{F4C532F7-606A-4F66-86E9-09BBD02306A1}"
EndProject
Global
	GlobalSection(SolutionConfigurationPlatforms) = preSolution
		Debug|Any CPU = Debug|Any CPU
		Release|Any CPU = Release|Any CPU
	EndGlobalSection
	GlobalSection(ProjectConfigurationPlatforms) = postSolution
		{6FDC8654-9EFF-4897-9865-050A8CA080D4}.Debug|Any CPU.ActiveCfg = Debug|Any CPU
		{6FDC8654-9EFF-4897-9865-050A8CA080D4}.Debug|Any CPU.Build.0 = Debug|Any CPU
		{6FDC8654-9EFF-4897-9865-050A8CA080D4}.Release|Any CPU.ActiveCfg = Release|Any CPU
		{6FDC8654-9EFF-4897-9865-050A8CA080D4}.Release|Any CPU.Build.0 = Release|Any CPU
		{506168A8-2B1D-4BF5-842A-B92AD16EA9BF}.Debug|Any CPU.ActiveCfg = Debug|Any CPU
		{506168A8-2B1D-4BF5-842A-B92AD16EA9BF}.Debug|Any CPU.Build.0 = Debug|Any CPU
		{506168A8-2B1D-4BF5-842A-B92AD16EA9BF}.Release|Any CPU.ActiveCfg = Release|Any CPU
		{506168A8-2B1D-4BF5-842A-B92AD16EA9BF}.Release|Any CPU.Build.0 = Release|Any CPU
		{F4C532F7-606A-4F66-86E9-09BBD02306A1}.Debug|Any CPU.ActiveCfg = Debug|Any CPU
		{F4C532F7-606A-4F66-86E9-09BBD02306A1}.Debug|Any CPU.Build.0 = Debug|Any CPU
		{F4C532F7-606A-4F66-86E9-09BBD02306A1}.Release|Any CPU.ActiveCfg = Release|Any CPU
		{F4C532F7-606A-4F66-86E9-09BBD02306A1}.Release|Any CPU.Build.0 = Release|Any CPU
	EndGlobalSection
	GlobalSection(SolutionProperties) = preSolution
		HideSolutionNode = FALSE
	EndGlobalSection
	GlobalSection(ExtensibilityGlobals) = postSolution
		SolutionGuid = {E73AFF1A-9BBA-43C9-9E6B-EFE92F4483DA}
	EndGlobalSection
EndGlobal
